
Microsoft Visual Studio Solution File, Format Version 12.00
# Visual Studio Version 17
VisualStudioVersion = 17.1.32421.90
MinimumVisualStudioVersion = 10.0.40219.1
Project("{FAE04EC0-301F-11D3-BF4B-00C04F79EFBC}") = "cpfcheck", "cpfcheck\cpfcheck.csproj", "{B470F09F-6487-46DE-B3B5-1C74B02349DB}"
EndProject
Global
	GlobalSection(SolutionConfigurationPlatforms) = preSolution
		Debug|Any CPU = Debug|Any CPU
		Release|Any CPU = Release|Any CPU
	EndGlobalSection
	GlobalSection(ProjectConfigurationPlatforms) = postSolution
		{B470F09F-6487-46DE-B3B5-1C74B02349DB}.Debug|Any CPU.ActiveCfg = Debug|Any CPU
		{B470F09F-6487-46DE-B3B5-1C74B02349DB}.Debug|Any CPU.Build.0 = Debug|Any CPU
		{B470F09F-6487-46DE-B3B5-1C74B02349DB}.Release|Any CPU.ActiveCfg = Release|Any CPU
		{B470F09F-6487-46DE-B3B5-1C74B02349DB}.Release|Any CPU.Build.0 = Release|Any CPU
	EndGlobalSection
	GlobalSection(SolutionProperties) = preSolution
		HideSolutionNode = FALSE
	EndGlobalSection
	GlobalSection(ExtensibilityGlobals) = postSolution
		SolutionGuid = {3709942E-9BB9-49A4-B30E-771A90E21160}
	EndGlobalSection
EndGlobal
